
Microsoft Visual Studio Solution File, Format Version 12.00
# Visual Studio Version 17
VisualStudioVersion = 17.8.34330.188
MinimumVisualStudioVersion = 10.0.40219.1
Project("{2150E333-8FDC-42A3-9474-1A3956D46DE8}") = "Src", "Src", "{F151235A-C5A1-4EAF-A662-66D640E8D14D}"
EndProject
Project("{2150E333-8FDC-42A3-9474-1A3956D46DE8}") = "Core", "Core", "{AF4DE5E1-B131-47AA-962D-871B4AFE422F}"
EndProject
Project("{2150E333-8FDC-42A3-9474-1A3956D46DE8}") = "Infrastructure", "Infrastructure", "{766EC8B6-626C-412F-A332-8F2B980E45FF}"
EndProject
Project("{2150E333-8FDC-42A3-9474-1A3956D46DE8}") = "WebUI", "WebUI", "{108677D2-E504-4D37-8C2C-B2961E6B563A}"
EndProject
Project("{2150E333-8FDC-42A3-9474-1A3956D46DE8}") = "Application", "Application", "{4BC9F615-EFEB-4766-ABB5-D9C63D0CCE65}"
EndProject
Project("{2150E333-8FDC-42A3-9474-1A3956D46DE8}") = "Domain", "Domain", "{D7FAF130-4CF0-43A3-B560-939D87D6CA94}"
EndProject
Project("{9A19103F-16F7-4668-BE54-9A1E7A4F7556}") = "Ontec.Core.Application", "Ontec.Core.Application\Ontec.Core.Application.csproj", "{54F4C72D-C374-4D8B-91FC-90B5B22DC0D5}"
EndProject
Project("{9A19103F-16F7-4668-BE54-9A1E7A4F7556}") = "Ontec.Core.Domain", "Ontec.Core.Domain\Ontec.Core.Domain.csproj", "{6D3CFEE9-DF0A-4875-A954-DE04375ABB46}"
EndProject
Project("{9A19103F-16F7-4668-BE54-9A1E7A4F7556}") = "Ontec.Infrastructure", "Ontec.Infrastructure\Ontec.Infrastructure.csproj", "{09172D4B-5DF4-409F-9286-EE1A57D60755}"
EndProject
Project("{9A19103F-16F7-4668-BE54-9A1E7A4F7556}") = "Ontec.WebUI", "Ontec.WebUI\Ontec.WebUI.csproj", "{8FE1DB64-9E18-446E-AFB3-6D32E773CCD2}"
EndProject
Project("{2150E333-8FDC-42A3-9474-1A3956D46DE8}") = "Cache", "Cache", "{CEA1B6CC-9AAF-4924-9F30-4F7FD07AC951}"
EndProject
Project("{9A19103F-16F7-4668-BE54-9A1E7A4F7556}") = "Ontec.Core.Cache", "Ontec.Core.Cache\Ontec.Core.Cache.csproj", "{D0197C04-9C2D-44C8-9583-C1B878E961BB}"
EndProject
Project("{2150E333-8FDC-42A3-9474-1A3956D46DE8}") = "Payment", "Payment", "{EC077327-2CAB-47CF-9C29-4942F012425A}"
EndProject
Project("{9A19103F-16F7-4668-BE54-9A1E7A4F7556}") = "Ontec.Notification.Core", "Ontec.Notification.Core\Ontec.Notification.Core.csproj", "{F6B9AB87-39E2-476C-BE65-968F86889A93}"
EndProject
Project("{2150E333-8FDC-42A3-9474-1A3956D46DE8}") = "MasterApi", "MasterApi", "{CC8C9593-F099-482D-A831-CAB6E04BAEF0}"
EndProject
Project("{2150E333-8FDC-42A3-9474-1A3956D46DE8}") = "Wallet", "Wallet", "{D424A180-0415-48CE-ABE6-45A6FEF4A045}"
EndProject
Project("{2150E333-8FDC-42A3-9474-1A3956D46DE8}") = "UnitTests", "UnitTests", "{84896739-C144-4BB9-B3DF-3DD1066ADF39}"
EndProject
Project("{9A19103F-16F7-4668-BE54-9A1E7A4F7556}") = "Ontec.Notification.Tests", "Tests\Ontec.Notification.Tests\Ontec.Notification.Tests.csproj", "{A9A062E9-6CC8-4C0B-B478-56752523B70A}"
EndProject
Project("{FAE04EC0-301F-11D3-BF4B-00C04F79EFBC}") = "Ontec.Notification.Api", "Ontec.Notification.Api\Ontec.Notification.Api.csproj", "{B66487DA-106C-4BC4-A33C-2D90FBABCBAB}"
EndProject
Project("{FAE04EC0-301F-11D3-BF4B-00C04F79EFBC}") = "Ontec.Core.MasterApi", "Ontec.Core.MasterApi\Ontec.Core.MasterApi.csproj", "{022F8024-9EFB-4A3A-A0C6-637605F7FA23}"
EndProject
Global
	GlobalSection(SolutionConfigurationPlatforms) = preSolution
		Debug|Any CPU = Debug|Any CPU
		Release|Any CPU = Release|Any CPU
	EndGlobalSection
	GlobalSection(ProjectConfigurationPlatforms) = postSolution
		{54F4C72D-C374-4D8B-91FC-90B5B22DC0D5}.Debug|Any CPU.ActiveCfg = Debug|Any CPU
		{54F4C72D-C374-4D8B-91FC-90B5B22DC0D5}.Debug|Any CPU.Build.0 = Debug|Any CPU
		{54F4C72D-C374-4D8B-91FC-90B5B22DC0D5}.Release|Any CPU.ActiveCfg = Release|Any CPU
		{54F4C72D-C374-4D8B-91FC-90B5B22DC0D5}.Release|Any CPU.Build.0 = Release|Any CPU
		{6D3CFEE9-DF0A-4875-A954-DE04375ABB46}.Debug|Any CPU.ActiveCfg = Debug|Any CPU
		{6D3CFEE9-DF0A-4875-A954-DE04375ABB46}.Debug|Any CPU.Build.0 = Debug|Any CPU
		{6D3CFEE9-DF0A-4875-A954-DE04375ABB46}.Release|Any CPU.ActiveCfg = Release|Any CPU
		{6D3CFEE9-DF0A-4875-A954-DE04375ABB46}.Release|Any CPU.Build.0 = Release|Any CPU
		{09172D4B-5DF4-409F-9286-EE1A57D60755}.Debug|Any CPU.ActiveCfg = Debug|Any CPU
		{09172D4B-5DF4-409F-9286-EE1A57D60755}.Debug|Any CPU.Build.0 = Debug|Any CPU
		{09172D4B-5DF4-409F-9286-EE1A57D60755}.Release|Any CPU.ActiveCfg = Release|Any CPU
		{09172D4B-5DF4-409F-9286-EE1A57D60755}.Release|Any CPU.Build.0 = Release|Any CPU
		{8FE1DB64-9E18-446E-AFB3-6D32E773CCD2}.Debug|Any CPU.ActiveCfg = Debug|Any CPU
		{8FE1DB64-9E18-446E-AFB3-6D32E773CCD2}.Debug|Any CPU.Build.0 = Debug|Any CPU
		{8FE1DB64-9E18-446E-AFB3-6D32E773CCD2}.Release|Any CPU.ActiveCfg = Release|Any CPU
		{8FE1DB64-9E18-446E-AFB3-6D32E773CCD2}.Release|Any CPU.Build.0 = Release|Any CPU
		{D0197C04-9C2D-44C8-9583-C1B878E961BB}.Debug|Any CPU.ActiveCfg = Debug|Any CPU
		{D0197C04-9C2D-44C8-9583-C1B878E961BB}.Debug|Any CPU.Build.0 = Debug|Any CPU
		{D0197C04-9C2D-44C8-9583-C1B878E961BB}.Release|Any CPU.ActiveCfg = Release|Any CPU
		{D0197C04-9C2D-44C8-9583-C1B878E961BB}.Release|Any CPU.Build.0 = Release|Any CPU
		{F6B9AB87-39E2-476C-BE65-968F86889A93}.Debug|Any CPU.ActiveCfg = Debug|Any CPU
		{F6B9AB87-39E2-476C-BE65-968F86889A93}.Debug|Any CPU.Build.0 = Debug|Any CPU
		{F6B9AB87-39E2-476C-BE65-968F86889A93}.Release|Any CPU.ActiveCfg = Release|Any CPU
		{F6B9AB87-39E2-476C-BE65-968F86889A93}.Release|Any CPU.Build.0 = Release|Any CPU
		{A9A062E9-6CC8-4C0B-B478-56752523B70A}.Debug|Any CPU.ActiveCfg = Debug|Any CPU
		{A9A062E9-6CC8-4C0B-B478-56752523B70A}.Debug|Any CPU.Build.0 = Debug|Any CPU
		{A9A062E9-6CC8-4C0B-B478-56752523B70A}.Release|Any CPU.ActiveCfg = Release|Any CPU
		{A9A062E9-6CC8-4C0B-B478-56752523B70A}.Release|Any CPU.Build.0 = Release|Any CPU
		{B66487DA-106C-4BC4-A33C-2D90FBABCBAB}.Debug|Any CPU.ActiveCfg = Debug|Any CPU
		{B66487DA-106C-4BC4-A33C-2D90FBABCBAB}.Debug|Any CPU.Build.0 = Debug|Any CPU
		{B66487DA-106C-4BC4-A33C-2D90FBABCBAB}.Release|Any CPU.ActiveCfg = Release|Any CPU
		{B66487DA-106C-4BC4-A33C-2D90FBABCBAB}.Release|Any CPU.Build.0 = Release|Any CPU
		{022F8024-9EFB-4A3A-A0C6-637605F7FA23}.Debug|Any CPU.ActiveCfg = Debug|Any CPU
		{022F8024-9EFB-4A3A-A0C6-637605F7FA23}.Debug|Any CPU.Build.0 = Debug|Any CPU
		{022F8024-9EFB-4A3A-A0C6-637605F7FA23}.Release|Any CPU.ActiveCfg = Release|Any CPU
		{022F8024-9EFB-4A3A-A0C6-637605F7FA23}.Release|Any CPU.Build.0 = Release|Any CPU
	EndGlobalSection
	GlobalSection(SolutionProperties) = preSolution
		HideSolutionNode = FALSE
	EndGlobalSection
	GlobalSection(NestedProjects) = preSolution
		{AF4DE5E1-B131-47AA-962D-871B4AFE422F} = {F151235A-C5A1-4EAF-A662-66D640E8D14D}
		{766EC8B6-626C-412F-A332-8F2B980E45FF} = {F151235A-C5A1-4EAF-A662-66D640E8D14D}
		{108677D2-E504-4D37-8C2C-B2961E6B563A} = {F151235A-C5A1-4EAF-A662-66D640E8D14D}
		{4BC9F615-EFEB-4766-ABB5-D9C63D0CCE65} = {AF4DE5E1-B131-47AA-962D-871B4AFE422F}
		{D7FAF130-4CF0-43A3-B560-939D87D6CA94} = {AF4DE5E1-B131-47AA-962D-871B4AFE422F}
		{54F4C72D-C374-4D8B-91FC-90B5B22DC0D5} = {4BC9F615-EFEB-4766-ABB5-D9C63D0CCE65}
		{6D3CFEE9-DF0A-4875-A954-DE04375ABB46} = {D7FAF130-4CF0-43A3-B560-939D87D6CA94}
		{09172D4B-5DF4-409F-9286-EE1A57D60755} = {766EC8B6-626C-412F-A332-8F2B980E45FF}
		{8FE1DB64-9E18-446E-AFB3-6D32E773CCD2} = {108677D2-E504-4D37-8C2C-B2961E6B563A}
		{CEA1B6CC-9AAF-4924-9F30-4F7FD07AC951} = {AF4DE5E1-B131-47AA-962D-871B4AFE422F}
		{D0197C04-9C2D-44C8-9583-C1B878E961BB} = {CEA1B6CC-9AAF-4924-9F30-4F7FD07AC951}
		{EC077327-2CAB-47CF-9C29-4942F012425A} = {F151235A-C5A1-4EAF-A662-66D640E8D14D}
		{F6B9AB87-39E2-476C-BE65-968F86889A93} = {EC077327-2CAB-47CF-9C29-4942F012425A}
		{CC8C9593-F099-482D-A831-CAB6E04BAEF0} = {AF4DE5E1-B131-47AA-962D-871B4AFE422F}
		{D424A180-0415-48CE-ABE6-45A6FEF4A045} = {AF4DE5E1-B131-47AA-962D-871B4AFE422F}
		{84896739-C144-4BB9-B3DF-3DD1066ADF39} = {F151235A-C5A1-4EAF-A662-66D640E8D14D}
		{A9A062E9-6CC8-4C0B-B478-56752523B70A} = {84896739-C144-4BB9-B3DF-3DD1066ADF39}
		{B66487DA-106C-4BC4-A33C-2D90FBABCBAB} = {EC077327-2CAB-47CF-9C29-4942F012425A}
		{022F8024-9EFB-4A3A-A0C6-637605F7FA23} = {CC8C9593-F099-482D-A831-CAB6E04BAEF0}
	EndGlobalSection
	GlobalSection(ExtensibilityGlobals) = postSolution
		SolutionGuid = {CED5D203-3490-4A58-8866-DAACB92F34DB}
	EndGlobalSection
EndGlobal
